// !$*UTF8*$!
{
	archiveVersion = 1;
	classes = {
	};
	objectVersion = 56;
	objects = {

/* Begin PBXBuildFile section */
		F0453D5729CDFAA20094B4C7 /* SnapKit in Frameworks */ = {isa = PBXBuildFile; productRef = F0453D5629CDFAA20094B4C7 /* SnapKit */; };
		F0453D5A29CDFB500094B4C7 /* Kingfisher in Frameworks */ = {isa = PBXBuildFile; productRef = F0453D5929CDFB500094B4C7 /* Kingfisher */; };
		F077EC7129CDEBFA00B30458 /* AppDelegate.swift in Sources */ = {isa = PBXBuildFile; fileRef = F077EC7029CDEBFA00B30458 /* AppDelegate.swift */; };
		F077EC7329CDEBFA00B30458 /* SceneDelegate.swift in Sources */ = {isa = PBXBuildFile; fileRef = F077EC7229CDEBFA00B30458 /* SceneDelegate.swift */; };
		F077EC7529CDEBFA00B30458 /* ViewController.swift in Sources */ = {isa = PBXBuildFile; fileRef = F077EC7429CDEBFA00B30458 /* ViewController.swift */; };
		F077EC7829CDEBFA00B30458 /* Main.storyboard in Resources */ = {isa = PBXBuildFile; fileRef = F077EC7629CDEBFA00B30458 /* Main.storyboard */; };
		F077EC7A29CDEBFB00B30458 /* Assets.xcassets in Resources */ = {isa = PBXBuildFile; fileRef = F077EC7929CDEBFB00B30458 /* Assets.xcassets */; };
		F077EC7D29CDEBFB00B30458 /* LaunchScreen.storyboard in Resources */ = {isa = PBXBuildFile; fileRef = F077EC7B29CDEBFB00B30458 /* LaunchScreen.storyboard */; };
/* End PBXBuildFile section */

/* Begin PBXFileReference section */
		F077EC6D29CDEBFA00B30458 /* NewsFarhat.app */ = {isa = PBXFileReference; explicitFileType = wrapper.application; includeInIndex = 0; path = NewsFarhat.app; sourceTree = BUILT_PRODUCTS_DIR; };
		F077EC7029CDEBFA00B30458 /* AppDelegate.swift */ = {isa = PBXFileReference; lastKnownFileType = sourcecode.swift; path = AppDelegate.swift; sourceTree = "<group>"; };
		F077EC7229CDEBFA00B30458 /* SceneDelegate.swift */ = {isa = PBXFileReference; lastKnownFileType = sourcecode.swift; path = SceneDelegate.swift; sourceTree = "<group>"; };
		F077EC7429CDEBFA00B30458 /* ViewController.swift */ = {isa = PBXFileReference; lastKnownFileType = sourcecode.swift; path = ViewController.swift; sourceTree = "<group>"; };
		F077EC7729CDEBFA00B30458 /* Base */ = {isa = PBXFileReference; lastKnownFileType = file.storyboard; name = Base; path = Base.lproj/Main.storyboard; sourceTree = "<group>"; };
		F077EC7929CDEBFB00B30458 /* Assets.xcassets */ = {isa = PBXFileReference; lastKnownFileType = folder.assetcatalog; path = Assets.xcassets; sourceTree = "<group>"; };
		F077EC7C29CDEBFB00B30458 /* Base */ = {isa = PBXFileReference; lastKnownFileType = file.storyboard; name = Base; path = Base.lproj/LaunchScreen.storyboard; sourceTree = "<group>"; };
		F077EC7E29CDEBFB00B30458 /* Info.plist */ = {isa = PBXFileReference; lastKnownFileType = text.plist.xml; path = Info.plist; sourceTree = "<group>"; };
/* End PBXFileReference section */

/* Begin PBXFrameworksBuildPhase section */
		F077EC6A29CDEBFA00B30458 /* Frameworks */ = {
			isa = PBXFrameworksBuildPhase;
			buildActionMask = 2147483647;
			files = (
				F0453D5A29CDFB500094B4C7 /* Kingfisher in Frameworks */,
				F0453D5729CDFAA20094B4C7 /* SnapKit in Frameworks */,
			);
			runOnlyForDeploymentPostprocessing = 0;
		};
/* End PBXFrameworksBuildPhase section */

/* Begin PBXGroup section */
		F077EC6429CDEBFA00B30458 = {
			isa = PBXGroup;
			children = (
				F077EC6F29CDEBFA00B30458 /* NewsFarhat */,
				F077EC6E29CDEBFA00B30458 /* Products */,
			);
			sourceTree = "<group>";
		};
		F077EC6E29CDEBFA00B30458 /* Products */ = {
			isa = PBXGroup;
			children = (
				F077EC6D29CDEBFA00B30458 /* NewsFarhat.app */,
			);
			name = Products;
			sourceTree = "<group>";
		};
		F077EC6F29CDEBFA00B30458 /* NewsFarhat */ = {
			isa = PBXGroup;
			children = (
				F077EC7029CDEBFA00B30458 /* AppDelegate.swift */,
				F077EC7229CDEBFA00B30458 /* SceneDelegate.swift */,
				F077EC7429CDEBFA00B30458 /* ViewController.swift */,
				F077EC7629CDEBFA00B30458 /* Main.storyboard */,
				F077EC7929CDEBFB00B30458 /* Assets.xcassets */,
				F077EC7B29CDEBFB00B30458 /* LaunchScreen.storyboard */,
				F077EC7E29CDEBFB00B30458 /* Info.plist */,
			);
			path = NewsFarhat;
			sourceTree = "<group>";
		};
/* End PBXGroup section */

/* Begin PBXNativeTarget section */
		F077EC6C29CDEBFA00B30458 /* NewsFarhat */ = {
			isa = PBXNativeTarget;
			buildConfigurationList = F077EC8129CDEBFB00B30458 /* Build configuration list for PBXNativeTarget "NewsFarhat" */;
			buildPhases = (
				F077EC6929CDEBFA00B30458 /* Sources */,
				F077EC6A29CDEBFA00B30458 /* Frameworks */,
				F077EC6B29CDEBFA00B30458 /* Resources */,
			);
			buildRules = (
			);
			dependencies = (
			);
			name = NewsFarhat;
			packageProductDependencies = (
				F0453D5629CDFAA20094B4C7 /* SnapKit */,
				F0453D5929CDFB500094B4C7 /* Kingfisher */,
			);
			productName = NewsFarhat;
			productReference = F077EC6D29CDEBFA00B30458 /* NewsFarhat.app */;
			productType = "com.apple.product-type.application";
		};
/* End PBXNativeTarget section */

/* Begin PBXProject section */
		F077EC6529CDEBFA00B30458 /* Project object */ = {
			isa = PBXProject;
			attributes = {
				BuildIndependentTargetsInParallel = 1;
				LastSwiftUpdateCheck = 1420;
				LastUpgradeCheck = 1420;
				TargetAttributes = {
					F077EC6C29CDEBFA00B30458 = {
						CreatedOnToolsVersion = 14.2;
					};
				};
			};
			buildConfigurationList = F077EC6829CDEBFA00B30458 /* Build configuration list for PBXProject "NewsFarhat" */;
			compatibilityVersion = "Xcode 14.0";
			developmentRegion = en;
			hasScannedForEncodings = 0;
			knownRegions = (
				en,
				Base,
			);
			mainGroup = F077EC6429CDEBFA00B30458;
			packageReferences = (
				F0453D5529CDFAA20094B4C7 /* XCRemoteSwiftPackageReference "SnapKit" */,
				F0453D5829CDFB500094B4C7 /* XCRemoteSwiftPackageReference "Kingfisher" */,
			);
			productRefGroup = F077EC6E29CDEBFA00B30458 /* Products */;
			projectDirPath = "";
			projectRoot = "";
			targets = (
				F077EC6C29CDEBFA00B30458 /* NewsFarhat */,
			);
		};
/* End PBXProject section */

/* Begin PBXResourcesBuildPhase section */
		F077EC6B29CDEBFA00B30458 /* Resources */ = {
			isa = PBXResourcesBuildPhase;
			buildActionMask = 2147483647;
			files = (
				F077EC7D29CDEBFB00B30458 /* LaunchScreen.storyboard in Resources */,
				F077EC7A29CDEBFB00B30458 /* Assets.xcassets in Resources */,
				F077EC7829CDEBFA00B30458 /* Main.storyboard in Resources */,
			);
			runOnlyForDeploymentPostprocessing = 0;
		};
/* End PBXResourcesBuildPhase section */

/* Begin PBXSourcesBuildPhase section */
		F077EC6929CDEBFA00B30458 /* Sources */ = {
			isa = PBXSourcesBuildPhase;
			buildActionMask = 2147483647;
			files = (
				F077EC7529CDEBFA00B30458 /* ViewController.swift in Sources */,
				F077EC7129CDEBFA00B30458 /* AppDelegate.swift in Sources */,
				F077EC7329CDEBFA00B30458 /* SceneDelegate.swift in Sources */,
			);
			runOnlyForDeploymentPostprocessing = 0;
		};
/* End PBXSourcesBuildPhase section */

/* Begin PBXVariantGroup section */
		F077EC7629CDEBFA00B30458 /* Main.storyboard */ = {
			isa = PBXVariantGroup;
			children = (
				F077EC7729CDEBFA00B30458 /* Base */,
			);
			name = Main.storyboard;
			sourceTree = "<group>";
		};
		F077EC7B29CDEBFB00B30458 /* LaunchScreen.storyboard */ = {
			isa = PBXVariantGroup;
			children = (
				F077EC7C29CDEBFB00B30458 /* Base */,
			);
			name = LaunchScreen.storyboard;
			sourceTree = "<group>";
		};
/* End PBXVariantGroup section */

/* Begin XCBuildConfiguration section */
		F077EC7F29CDEBFB00B30458 /* Debug */ = {
			isa = XCBuildConfiguration;
			buildSettings = {
				ALWAYS_SEARCH_USER_PATHS = NO;
				CLANG_ANALYZER_NONNULL = YES;
				CLANG_ANALYZER_NUMBER_OBJECT_CONVERSION = YES_AGGRESSIVE;
				CLANG_CXX_LANGUAGE_STANDARD = "gnu++20";
				CLANG_ENABLE_MODULES = YES;
				CLANG_ENABLE_OBJC_ARC = YES;
				CLANG_ENABLE_OBJC_WEAK = YES;
				CLANG_WARN_BLOCK_CAPTURE_AUTORELEASING = YES;
				CLANG_WARN_BOOL_CONVERSION = YES;
				CLANG_WARN_COMMA = YES;
				CLANG_WARN_CONSTANT_CONVERSION = YES;
				CLANG_WARN_DEPRECATED_OBJC_IMPLEMENTATIONS = YES;
				CLANG_WARN_DIRECT_OBJC_ISA_USAGE = YES_ERROR;
				CLANG_WARN_DOCUMENTATION_COMMENTS = YES;
				CLANG_WARN_EMPTY_BODY = YES;
				CLANG_WARN_ENUM_CONVERSION = YES;
				CLANG_WARN_INFINITE_RECURSION = YES;
				CLANG_WARN_INT_CONVERSION = YES;
				CLANG_WARN_NON_LITERAL_NULL_CONVERSION = YES;
				CLANG_WARN_OBJC_IMPLICIT_RETAIN_SELF = YES;
				CLANG_WARN_OBJC_LITERAL_CONVERSION = YES;
				CLANG_WARN_OBJC_ROOT_CLASS = YES_ERROR;
				CLANG_WARN_QUOTED_INCLUDE_IN_FRAMEWORK_HEADER = YES;
				CLANG_WARN_RANGE_LOOP_ANALYSIS = YES;
				CLANG_WARN_STRICT_PROTOTYPES = YES;
				CLANG_WARN_SUSPICIOUS_MOVE = YES;
				CLANG_WARN_UNGUARDED_AVAILABILITY = YES_AGGRESSIVE;
				CLANG_WARN_UNREACHABLE_CODE = YES;
				CLANG_WARN__DUPLICATE_METHOD_MATCH = YES;
				COPY_PHASE_STRIP = NO;
				DEBUG_INFORMATION_FORMAT = dwarf;
				ENABLE_STRICT_OBJC_MSGSEND = YES;
				ENABLE_TESTABILITY = YES;
				GCC_C_LANGUAGE_STANDARD = gnu11;
				GCC_DYNAMIC_NO_PIC = NO;
				GCC_NO_COMMON_BLOCKS = YES;
				GCC_OPTIMIZATION_LEVEL = 0;
				GCC_PREPROCESSOR_DEFINITIONS = (
					"DEBUG=1",
					"$(inherited)",
				);
				GCC_WARN_64_TO_32_BIT_CONVERSION = YES;
				GCC_WARN_ABOUT_RETURN_TYPE = YES_ERROR;
				GCC_WARN_UNDECLARED_SELECTOR = YES;
				GCC_WARN_UNINITIALIZED_AUTOS = YES_AGGRESSIVE;
				GCC_WARN_UNUSED_FUNCTION = YES;
				GCC_WARN_UNUSED_VARIABLE = YES;
				IPHONEOS_DEPLOYMENT_TARGET = 16.2;
				MTL_ENABLE_DEBUG_INFO = INCLUDE_SOURCE;
				MTL_FAST_MATH = YES;
				ONLY_ACTIVE_ARCH = YES;
				SDKROOT = iphoneos;
				SWIFT_ACTIVE_COMPILATION_CONDITIONS = DEBUG;
				SWIFT_OPTIMIZATION_LEVEL = "-Onone";
			};
			name = Debug;
		};
		F077EC8029CDEBFB00B30458 /* Release */ = {
			isa = XCBuildConfiguration;
			buildSettings = {
				ALWAYS_SEARCH_USER_PATHS = NO;
				CLANG_ANALYZER_NONNULL = YES;
				CLANG_ANALYZER_NUMBER_OBJECT_CONVERSION = YES_AGGRESSIVE;
				CLANG_CXX_LANGUAGE_STANDARD = "gnu++20";
				CLANG_ENABLE_MODULES = YES;
				CLANG_ENABLE_OBJC_ARC = YES;
				CLANG_ENABLE_OBJC_WEAK = YES;
				CLANG_WARN_BLOCK_CAPTURE_AUTORELEASING = YES;
				CLANG_WARN_BOOL_CONVERSION = YES;
				CLANG_WARN_COMMA = YES;
				CLANG_WARN_CONSTANT_CONVERSION = YES;
				CLANG_WARN_DEPRECATED_OBJC_IMPLEMENTATIONS = YES;
				CLANG_WARN_DIRECT_OBJC_ISA_USAGE = YES_ERROR;
				CLANG_WARN_DOCUMENTATION_COMMENTS = YES;
				CLANG_WARN_EMPTY_BODY = YES;
				CLANG_WARN_ENUM_CONVERSION = YES;
				CLANG_WARN_INFINITE_RECURSION = YES;
				CLANG_WARN_INT_CONVERSION = YES;
				CLANG_WARN_NON_LITERAL_NULL_CONVERSION = YES;
				CLANG_WARN_OBJC_IMPLICIT_RETAIN_SELF = YES;
				CLANG_WARN_OBJC_LITERAL_CONVERSION = YES;
				CLANG_WARN_OBJC_ROOT_CLASS = YES_ERROR;
				CLANG_WARN_QUOTED_INCLUDE_IN_FRAMEWORK_HEADER = YES;
				CLANG_WARN_RANGE_LOOP_ANALYSIS = YES;
				CLANG_WARN_STRICT_PROTOTYPES = YES;
				CLANG_WARN_SUSPICIOUS_MOVE = YES;
				CLANG_WARN_UNGUARDED_AVAILABILITY = YES_AGGRESSIVE;
				CLANG_WARN_UNREACHABLE_CODE = YES;
				CLANG_WARN__DUPLICATE_METHOD_MATCH = YES;
				COPY_PHASE_STRIP = NO;
				DEBUG_INFORMATION_FORMAT = "dwarf-with-dsym";
				ENABLE_NS_ASSERTIONS = NO;
				ENABLE_STRICT_OBJC_MSGSEND = YES;
				GCC_C_LANGUAGE_STANDARD = gnu11;
				GCC_NO_COMMON_BLOCKS = YES;
				GCC_WARN_64_TO_32_BIT_CONVERSION = YES;
				GCC_WARN_ABOUT_RETURN_TYPE = YES_ERROR;
				GCC_WARN_UNDECLARED_SELECTOR = YES;
				GCC_WARN_UNINITIALIZED_AUTOS = YES_AGGRESSIVE;
				GCC_WARN_UNUSED_FUNCTION = YES;
				GCC_WARN_UNUSED_VARIABLE = YES;
				IPHONEOS_DEPLOYMENT_TARGET = 16.2;
				MTL_ENABLE_DEBUG_INFO = NO;
				MTL_FAST_MATH = YES;
				SDKROOT = iphoneos;
				SWIFT_COMPILATION_MODE = wholemodule;
				SWIFT_OPTIMIZATION_LEVEL = "-O";
				VALIDATE_PRODUCT = YES;
			};
			name = Release;
		};
		F077EC8229CDEBFB00B30458 /* Debug */ = {
			isa = XCBuildConfiguration;
			buildSettings = {
				ASSETCATALOG_COMPILER_APPICON_NAME = AppIcon;
				ASSETCATALOG_COMPILER_GLOBAL_ACCENT_COLOR_NAME = AccentColor;
				CODE_SIGN_STYLE = Automatic;
				CURRENT_PROJECT_VERSION = 1;
				GENERATE_INFOPLIST_FILE = YES;
				INFOPLIST_FILE = NewsFarhat/Info.plist;
				INFOPLIST_KEY_UIApplicationSupportsIndirectInputEvents = YES;
				INFOPLIST_KEY_UILaunchStoryboardName = LaunchScreen;
				INFOPLIST_KEY_UIMainStoryboardFile = Main;
				INFOPLIST_KEY_UISupportedInterfaceOrientations = UIInterfaceOrientationPortrait;
				INFOPLIST_KEY_UISupportedInterfaceOrientations_iPad = "UIInterfaceOrientationLandscapeLeft UIInterfaceOrientationLandscapeRight UIInterfaceOrientationPortrait UIInterfaceOrientationPortraitUpsideDown";
				IPHONEOS_DEPLOYMENT_TARGET = 14.0;
				LD_RUNPATH_SEARCH_PATHS = (
					"$(inherited)",
					"@executable_path/Frameworks",
				);
				MARKETING_VERSION = 1.0;
				PRODUCT_BUNDLE_IDENTIFIER = farhat.NewsFarhat;
				PRODUCT_NAME = "$(TARGET_NAME)";
				SUPPORTED_PLATFORMS = "iphoneos iphonesimulator";
				SUPPORTS_MACCATALYST = NO;
				SUPPORTS_MAC_DESIGNED_FOR_IPHONE_IPAD = NO;
				SWIFT_EMIT_LOC_STRINGS = YES;
				SWIFT_VERSION = 5.0;
				TARGETED_DEVICE_FAMILY = 1;
			};
			name = Debug;
		};
		F077EC8329CDEBFB00B30458 /* Release */ = {
			isa = XCBuildConfiguration;
			buildSettings = {
				ASSETCATALOG_COMPILER_APPICON_NAME = AppIcon;
				ASSETCATALOG_COMPILER_GLOBAL_ACCENT_COLOR_NAME = AccentColor;
				CODE_SIGN_STYLE = Automatic;
				CURRENT_PROJECT_VERSION = 1;
				GENERATE_INFOPLIST_FILE = YES;
				INFOPLIST_FILE = NewsFarhat/Info.plist;
				INFOPLIST_KEY_UIApplicationSupportsIndirectInputEvents = YES;
				INFOPLIST_KEY_UILaunchStoryboardName = LaunchScreen;
				INFOPLIST_KEY_UIMainStoryboardFile = Main;
				INFOPLIST_KEY_UISupportedInterfaceOrientations = UIInterfaceOrientationPortrait;
				INFOPLIST_KEY_UISupportedInterfaceOrientations_iPad = "UIInterfaceOrientationLandscapeLeft UIInterfaceOrientationLandscapeRight UIInterfaceOrientationPortrait UIInterfaceOrientationPortraitUpsideDown";
				IPHONEOS_DEPLOYMENT_TARGET = 14.0;
				LD_RUNPATH_SEARCH_PATHS = (
					"$(inherited)",
					"@executable_path/Frameworks",
				);
				MARKETING_VERSION = 1.0;
				PRODUCT_BUNDLE_IDENTIFIER = farhat.NewsFarhat;
				PRODUCT_NAME = "$(TARGET_NAME)";
				SUPPORTED_PLATFORMS = "iphoneos iphonesimulator";
				SUPPORTS_MACCATALYST = NO;
				SUPPORTS_MAC_DESIGNED_FOR_IPHONE_IPAD = NO;
				SWIFT_EMIT_LOC_STRINGS = YES;
				SWIFT_VERSION = 5.0;
				TARGETED_DEVICE_FAMILY = 1;
			};
			name = Release;
		};
/* End XCBuildConfiguration section */

/* Begin XCConfigurationList section */
		F077EC6829CDEBFA00B30458 /* Build configuration list for PBXProject "NewsFarhat" */ = {
			isa = XCConfigurationList;
			buildConfigurations = (
				F077EC7F29CDEBFB00B30458 /* Debug */,
				F077EC8029CDEBFB00B30458 /* Release */,
			);
			defaultConfigurationIsVisible = 0;
			defaultConfigurationName = Release;
		};
		F077EC8129CDEBFB00B30458 /* Build configuration list for PBXNativeTarget "NewsFarhat" */ = {
			isa = XCConfigurationList;
			buildConfigurations = (
				F077EC8229CDEBFB00B30458 /* Debug */,
				F077EC8329CDEBFB00B30458 /* Release */,
			);
			defaultConfigurationIsVisible = 0;
			defaultConfigurationName = Release;
		};
/* End XCConfigurationList section */

/* Begin XCRemoteSwiftPackageReference section */
		F0453D5529CDFAA20094B4C7 /* XCRemoteSwiftPackageReference "SnapKit" */ = {
			isa = XCRemoteSwiftPackageReference;
			repositoryURL = "https://github.com/SnapKit/SnapKit.git";
			requirement = {
				kind = upToNextMajorVersion;
				minimumVersion = 5.0.0;
			};
		};
		F0453D5829CDFB500094B4C7 /* XCRemoteSwiftPackageReference "Kingfisher" */ = {
			isa = XCRemoteSwiftPackageReference;
			repositoryURL = "https://github.com/onevcat/Kingfisher.git";
			requirement = {
				kind = upToNextMajorVersion;
				minimumVersion = 7.0.0;
			};
		};
/* End XCRemoteSwiftPackageReference section */

/* Begin XCSwiftPackageProductDependency section */
		F0453D5629CDFAA20094B4C7 /* SnapKit */ = {
			isa = XCSwiftPackageProductDependency;
			package = F0453D5529CDFAA20094B4C7 /* XCRemoteSwiftPackageReference "SnapKit" */;
			productName = SnapKit;
		};
		F0453D5929CDFB500094B4C7 /* Kingfisher */ = {
			isa = XCSwiftPackageProductDependency;
			package = F0453D5829CDFB500094B4C7 /* XCRemoteSwiftPackageReference "Kingfisher" */;
			productName = Kingfisher;
		};
/* End XCSwiftPackageProductDependency section */
	};
	rootObject = F077EC6529CDEBFA00B30458 /* Project object */;
}
